<?xml version="1.0" encoding="utf-8"?>
<Project ToolsVersion="4.0" xmlns="http://schemas.microsoft.com/developer/msbuild/2003">
  <ItemGroup>
    <Filter Include="Source Files">
      <UniqueIdentifier>{4FC737F1-C7A5-4376-A066-2A32D752A2FF}</UniqueIdentifier>
      <Extensions>cpp;c;cc;cxx;c++;cppm;ixx;def;odl;idl;hpj;bat;asm;asmx</Extensions>
    </Filter>
    <Filter Include="Header Files">
      <UniqueIdentifier>{93995380-89BD-4b04-88EB-625FBE52EBFB}</UniqueIdentifier>
      <Extensions>h;hh;hpp;hxx;h++;hm;inl;inc;ipp;xsd</Extensions>
    </Filter>
    <Filter Include="Resource Files">
      <UniqueIdentifier>{67DA6AB6-F800-4c08-8B7A-83BB121AAD01}</UniqueIdentifier>
      <Extensions>rc;ico;cur;bmp;dlg;rc2;rct;bin;rgs;gif;jpg;jpeg;jpe;resx;tiff;tif;png;wav;mfcribbon-ms</Extensions>
    </Filter>
    <Filter Include="x86">
      <UniqueIdentifier>{573fc8e0-a6de-40a5-b399-623b3d0f9782}</UniqueIdentifier>
    </Filter>
    <Filter Include="arm64">
      <UniqueIdentifier>{3ac78983-033d-4eb7-921b-a2914de4da93}</UniqueIdentifier>
    </Filter>
    <Filter Include="amd64">
      <UniqueIdentifier>{1cbf29e3-f52b-41a3-bf03-095a46a0897e}</UniqueIdentifier>
    </Filter>
  </ItemGroup>
  <ItemGroup>
    <ClCompile Include="DLLMain.cpp">
      <Filter>Source Files</Filter>
    </ClCompile>
    <ClCompile Include="minhook\hde\hde32.c">
      <Filter>Source Files</Filter>
    </ClCompile>
    <ClCompile Include="minhook\hde\hde64.c">
      <Filter>Source Files</Filter>
    </ClCompile>
    <ClCompile Include="minhook\hook.c">
      <Filter>Source Files</Filter>
    </ClCompile>
    <ClCompile Include="minhook\trampoline.c">
      <Filter>Source Files</Filter>
    </ClCompile>
    <ClCompile Include="minhook\buffer.c">
      <Filter>Source Files</Filter>
    </ClCompile>
    <ClCompile Include="hw\HwHook.cpp">
      <Filter>Source Files</Filter>
    </ClCompile>
  </ItemGroup>
  <ItemGroup>
    <ClInclude Include="resource.h">
      <Filter>Header Files</Filter>
    </ClInclude>
    <ClInclude Include="minhook\hde\hde32.h">
      <Filter>Header Files</Filter>
    </ClInclude>
    <ClInclude Include="minhook\hde\hde64.h">
      <Filter>Header Files</Filter>
    </ClInclude>
    <ClInclude Include="minhook\hde\pstdint.h">
      <Filter>Header Files</Filter>
    </ClInclude>
    <ClInclude Include="minhook\hde\table32.h">
      <Filter>Header Files</Filter>
    </ClInclude>
    <ClInclude Include="minhook\hde\table64.h">
      <Filter>Header Files</Filter>
    </ClInclude>
    <ClInclude Include="minhook\buffer.h">
      <Filter>Header Files</Filter>
    </ClInclude>
    <ClInclude Include="minhook\MinHook.h">
      <Filter>Header Files</Filter>
    </ClInclude>
    <ClInclude Include="minhook\trampoline.h">
      <Filter>Header Files</Filter>
    </ClInclude>
    <ClInclude Include="data\Tournament.h">
      <Filter>Header Files</Filter>
    </ClInclude>
    <ClInclude Include="data\Game.h">
      <Filter>Header Files</Filter>
    </ClInclude>
    <ClInclude Include="external_data.h">
      <Filter>Header Files</Filter>
    </ClInclude>
    <ClInclude Include="general.h">
      <Filter>Header Files</Filter>
    </ClInclude>
    <ClInclude Include="v8utils.h">
      <Filter>Header Files</Filter>
    </ClInclude>
    <ClInclude Include="v8\api\api.h">
      <Filter>Header Files</Filter>
    </ClInclude>
    <ClInclude Include="v8\api\api-arguments.h">
      <Filter>Header Files</Filter>
    </ClInclude>
    <ClInclude Include="v8\api\api-arguments-inl.h">
      <Filter>Header Files</Filter>
    </ClInclude>
    <ClInclude Include="v8\api\api-inl.h">
      <Filter>Header Files</Filter>
    </ClInclude>
    <ClInclude Include="v8\api\api-macros.h">
      <Filter>Header Files</Filter>
    </ClInclude>
    <ClInclude Include="v8\api\api-macros-undef.h">
      <Filter>Header Files</Filter>
    </ClInclude>
    <ClInclude Include="v8\api\api-natives.h">
      <Filter>Header Files</Filter>
    </ClInclude>
    <ClInclude Include="src\api\api.h">
      <Filter>Header Files</Filter>
    </ClInclude>
    <ClInclude Include="src\api\api-arguments.h">
      <Filter>Header Files</Filter>
    </ClInclude>
    <ClInclude Include="src\api\api-arguments-inl.h">
      <Filter>Header Files</Filter>
    </ClInclude>
    <ClInclude Include="src\api\api-inl.h">
      <Filter>Header Files</Filter>
    </ClInclude>
    <ClInclude Include="src\api\api-macros.h">
      <Filter>Header Files</Filter>
    </ClInclude>
    <ClInclude Include="src\api\api-macros-undef.h">
      <Filter>Header Files</Filter>
    </ClInclude>
    <ClInclude Include="src\api\api-natives.h">
      <Filter>Header Files</Filter>
    </ClInclude>
    <ClInclude Include="v8\src\api\api.h">
      <Filter>Header Files</Filter>
    </ClInclude>
    <ClInclude Include="v8\src\api\api-arguments.h">
      <Filter>Header Files</Filter>
    </ClInclude>
    <ClInclude Include="v8\src\api\api-arguments-inl.h">
      <Filter>Header Files</Filter>
    </ClInclude>
    <ClInclude Include="v8\src\api\api-inl.h">
      <Filter>Header Files</Filter>
    </ClInclude>
    <ClInclude Include="v8\src\api\api-macros.h">
      <Filter>Header Files</Filter>
    </ClInclude>
    <ClInclude Include="v8\src\api\api-macros-undef.h">
      <Filter>Header Files</Filter>
    </ClInclude>
    <ClInclude Include="v8\src\api\api-natives.h">
      <Filter>Header Files</Filter>
    </ClInclude>
    <ClInclude Include="Game.h">
      <Filter>Source Files</Filter>
    </ClInclude>
    <ClInclude Include="Client.h">
      <Filter>Source Files</Filter>
    </ClInclude>
    <ClInclude Include="hw\HwHook.hpp">
      <Filter>Header Files</Filter>
    </ClInclude>
  </ItemGroup>
  <ItemGroup>
    <ResourceCompile Include="BDGinj.rc">
      <Filter>Resource Files</Filter>
    </ResourceCompile>
  </ItemGroup>
  <ItemGroup>
    <None Include="x86\srctool.exe">
      <Filter>x86</Filter>
    </None>
    <None Include="x86\srcsrv.dll">
      <Filter>x86</Filter>
    </None>
    <None Include="arm64\srctool.exe">
      <Filter>arm64</Filter>
    </None>
    <None Include="arm64\srcsrv.dll">
      <Filter>arm64</Filter>
    </None>
    <None Include="amd64\srctool.exe">
      <Filter>amd64</Filter>
    </None>
    <None Include="amd64\srcsrv.dll">
      <Filter>amd64</Filter>
    </None>
    <None Include="packages.config" />
    <None Include="cpp.hint" />
  </ItemGroup>
</Project>